
Microsoft Visual Studio Solution File, Format Version 12.00
# Visual Studio Version 16
VisualStudioVersion = 16.0.31729.503
MinimumVisualStudioVersion = 10.0.40219.1
Project("{9A19103F-16F7-4668-BE54-9A1E7A4F7556}") = "Keycloak.Client", "src\Keycloak.Client\Keycloak.Client.csproj", "{91A1C769-80B4-4EC3-8511-F8E16F93E3C3}"
EndProject
Project("{2150E333-8FDC-42A3-9474-1A3956D46DE8}") = "src", "src", "{AEBB3D88-5135-466A-83EC-2AEA87906529}"
EndProject
Project("{2150E333-8FDC-42A3-9474-1A3956D46DE8}") = "Solution Items", "Solution Items", "{353C96EB-D680-4487-8BF9-895CAF084D1D}"
	ProjectSection(SolutionItems) = preProject
		.gitignore = .gitignore
	EndProjectSection
EndProject
Global
	GlobalSection(SolutionConfigurationPlatforms) = preSolution
		Debug|Any CPU = Debug|Any CPU
		Release|Any CPU = Release|Any CPU
	EndGlobalSection
	GlobalSection(ProjectConfigurationPlatforms) = postSolution
		{91A1C769-80B4-4EC3-8511-F8E16F93E3C3}.Debug|Any CPU.ActiveCfg = Debug|Any CPU
		{91A1C769-80B4-4EC3-8511-F8E16F93E3C3}.Debug|Any CPU.Build.0 = Debug|Any CPU
		{91A1C769-80B4-4EC3-8511-F8E16F93E3C3}.Release|Any CPU.ActiveCfg = Release|Any CPU
		{91A1C769-80B4-4EC3-8511-F8E16F93E3C3}.Release|Any CPU.Build.0 = Release|Any CPU
	EndGlobalSection
	GlobalSection(SolutionProperties) = preSolution
		HideSolutionNode = FALSE
	EndGlobalSection
	GlobalSection(NestedProjects) = preSolution
		{91A1C769-80B4-4EC3-8511-F8E16F93E3C3} = {AEBB3D88-5135-466A-83EC-2AEA87906529}
	EndGlobalSection
	GlobalSection(ExtensibilityGlobals) = postSolution
		SolutionGuid = {AC1709C0-0F7E-4F25-9D7F-D54B23ECC6CB}
	EndGlobalSection
EndGlobal
